{
  "originHash" : "5c8e5fb3f3eaf725824f0fad7599b30941e59a54679b2cce3fc84ce3c509eefa",
  "pins" : [
    {
      "identity" : "channelswift",
      "kind" : "remoteSourceControl",
      "location" : "https://github.com/v57/ChannelSwift.git",
      "state" : {
        "branch" : "main",
        "revision" : "7435c5ec786a482f805ae7d3c39e410e16aecf14"
      }
    },
    {
      "identity" : "hubclient",
      "kind" : "remoteSourceControl",
      "location" : "https://github.com/v57/HubClient",
      "state" : {
        "branch" : "main",
        "revision" : "d33dd7b1b5c64596d06b9756b0cff236a21a92b1"
      }
    }
  ],
  "version" : 3
}
