{
  "originHash" : "5c8e5fb3f3eaf725824f0fad7599b30941e59a54679b2cce3fc84ce3c509eefa",
  "pins" : [
    {
      "identity" : "channelswift",
      "kind" : "remoteSourceControl",
      "location" : "https://github.com/v57/ChannelSwift.git",
      "state" : {
        "branch" : "main",
        "revision" : "9bb6289cb187cf4ca562f71d065be29b95382e05"
      }
    },
    {
      "identity" : "hubclient",
      "kind" : "remoteSourceControl",
      "location" : "https://github.com/v57/HubClient",
      "state" : {
        "branch" : "main",
        "revision" : "7f13f0175b5229e46af00bc097a1b9e81f512069"
      }
    }
  ],
  "version" : 3
}
